// !$*UTF8*$!
{
	archiveVersion = 1;
	classes = {
	};
	objectVersion = 52;
	objects = {

/* Begin PBXBuildFile section */
		2F2FB8A32613E44E00CE3E9E /* Service.swift in Sources */ = {isa = PBXBuildFile; fileRef = 2F2FB8A22613E44E00CE3E9E /* Service.swift */; };
		2F2FB8A72613E50200CE3E9E /* Entity.swift in Sources */ = {isa = PBXBuildFile; fileRef = 2F2FB8A62613E50200CE3E9E /* Entity.swift */; };
		2F2FB8AA2613E50700CE3E9E /* Entity.swift in Sources */ = {isa = PBXBuildFile; fileRef = 2F2FB8A62613E50200CE3E9E /* Entity.swift */; };
		2F2FB8B02613F45E00CE3E9E /* Entity+Detach.swift in Sources */ = {isa = PBXBuildFile; fileRef = 2F2FB8AF2613F45E00CE3E9E /* Entity+Detach.swift */; };
		2F6B072325F976DA00A1D516 /* GastosApp.swift in Sources */ = {isa = PBXBuildFile; fileRef = 2F6B071025F976D900A1D516 /* GastosApp.swift */; };
		2F6B072425F976DA00A1D516 /* GastosApp.swift in Sources */ = {isa = PBXBuildFile; fileRef = 2F6B071025F976D900A1D516 /* GastosApp.swift */; };
		2F6B072525F976DA00A1D516 /* TransactionsView.swift in Sources */ = {isa = PBXBuildFile; fileRef = 2F6B071125F976D900A1D516 /* TransactionsView.swift */; };
		2F6B072625F976DA00A1D516 /* TransactionsView.swift in Sources */ = {isa = PBXBuildFile; fileRef = 2F6B071125F976D900A1D516 /* TransactionsView.swift */; };
		2F6B072725F976DA00A1D516 /* Assets.xcassets in Resources */ = {isa = PBXBuildFile; fileRef = 2F6B071225F976DA00A1D516 /* Assets.xcassets */; };
		2F6B072825F976DA00A1D516 /* Assets.xcassets in Resources */ = {isa = PBXBuildFile; fileRef = 2F6B071225F976DA00A1D516 /* Assets.xcassets */; };
		2F6B073525F9791C00A1D516 /* FlexibleView.swift in Sources */ = {isa = PBXBuildFile; fileRef = 2F6B073425F9791C00A1D516 /* FlexibleView.swift */; };
		2F6B073925F9793E00A1D516 /* ExpenseItemView.swift in Sources */ = {isa = PBXBuildFile; fileRef = 2F6B073825F9793E00A1D516 /* ExpenseItemView.swift */; };
		2F6B073F25F97AE200A1D516 /* ExpenseItem.swift in Sources */ = {isa = PBXBuildFile; fileRef = 2F6B073E25F97AE200A1D516 /* ExpenseItem.swift */; };
		2F6B074F25F980D400A1D516 /* ExpenseItemView.swift in Sources */ = {isa = PBXBuildFile; fileRef = 2F6B073825F9793E00A1D516 /* ExpenseItemView.swift */; };
		2F6B075225F980D700A1D516 /* FlexibleView.swift in Sources */ = {isa = PBXBuildFile; fileRef = 2F6B073425F9791C00A1D516 /* FlexibleView.swift */; };
		2F6B075525F980DA00A1D516 /* ExpenseItem.swift in Sources */ = {isa = PBXBuildFile; fileRef = 2F6B073E25F97AE200A1D516 /* ExpenseItem.swift */; };
		2F6B075925F99C8100A1D516 /* Colors.swift in Sources */ = {isa = PBXBuildFile; fileRef = 2F6B075825F99C8100A1D516 /* Colors.swift */; };
		2F6B075D25F9A31500A1D516 /* ExpenseItemFormView.swift in Sources */ = {isa = PBXBuildFile; fileRef = 2F6B075C25F9A31500A1D516 /* ExpenseItemFormView.swift */; };
		2F6B076325FA611C00A1D516 /* KeyboardAdaptive.swift in Sources */ = {isa = PBXBuildFile; fileRef = 2F6B076225FA611C00A1D516 /* KeyboardAdaptive.swift */; };
		2F6B076425FA611C00A1D516 /* KeyboardAdaptive.swift in Sources */ = {isa = PBXBuildFile; fileRef = 2F6B076225FA611C00A1D516 /* KeyboardAdaptive.swift */; };
		2F6B076825FA613900A1D516 /* KeyboardHeightPublisher.swift in Sources */ = {isa = PBXBuildFile; fileRef = 2F6B076725FA613900A1D516 /* KeyboardHeightPublisher.swift */; };
		2F6B076925FA613900A1D516 /* KeyboardHeightPublisher.swift in Sources */ = {isa = PBXBuildFile; fileRef = 2F6B076725FA613900A1D516 /* KeyboardHeightPublisher.swift */; };
		2F6B076D25FA615D00A1D516 /* UIResponder+Current.swift in Sources */ = {isa = PBXBuildFile; fileRef = 2F6B076C25FA615D00A1D516 /* UIResponder+Current.swift */; };
		2F6B076E25FA615D00A1D516 /* UIResponder+Current.swift in Sources */ = {isa = PBXBuildFile; fileRef = 2F6B076C25FA615D00A1D516 /* UIResponder+Current.swift */; };
		2F816D2A261CF072009FB091 /* CurrencyTextField.swift in Sources */ = {isa = PBXBuildFile; fileRef = 2F816D29261CF072009FB091 /* CurrencyTextField.swift */; };
		2F816D2B261CF072009FB091 /* CurrencyTextField.swift in Sources */ = {isa = PBXBuildFile; fileRef = 2F816D29261CF072009FB091 /* CurrencyTextField.swift */; };
		2F915373260185010092033E /* ArrayBuilder.swift in Sources */ = {isa = PBXBuildFile; fileRef = 2F915372260185010092033E /* ArrayBuilder.swift */; };
		2F915374260185010092033E /* ArrayBuilder.swift in Sources */ = {isa = PBXBuildFile; fileRef = 2F915372260185010092033E /* ArrayBuilder.swift */; };
		2F91537B26018FED0092033E /* TabBar.swift in Sources */ = {isa = PBXBuildFile; fileRef = 2FB5936325FC1231005A1B93 /* TabBar.swift */; };
		2F91537C26018FED0092033E /* TabBar.swift in Sources */ = {isa = PBXBuildFile; fileRef = 2FB5936325FC1231005A1B93 /* TabBar.swift */; };
		2F9500C92602AE2800C9ABFC /* Colors.swift in Sources */ = {isa = PBXBuildFile; fileRef = 2F6B075825F99C8100A1D516 /* Colors.swift */; };
		2F9500D32603A7C400C9ABFC /* Service+Publishers.swift in Sources */ = {isa = PBXBuildFile; fileRef = 2F9500D22603A7C400C9ABFC /* Service+Publishers.swift */; };
		2F9500D72603B04300C9ABFC /* Logger.swift in Sources */ = {isa = PBXBuildFile; fileRef = 2F9500D62603B04300C9ABFC /* Logger.swift */; };
		2F9500E02603E38600C9ABFC /* WeekView.swift in Sources */ = {isa = PBXBuildFile; fileRef = 2F9500DF2603E38600C9ABFC /* WeekView.swift */; };
		2F9500E42604061500C9ABFC /* View++.swift in Sources */ = {isa = PBXBuildFile; fileRef = 2F9500E32604061500C9ABFC /* View++.swift */; };
		2F98CE5B26154EF50004F1B2 /* Catagory.swift in Sources */ = {isa = PBXBuildFile; fileRef = 2F98CE5A26154EF50004F1B2 /* Catagory.swift */; };
		2F98CE5C26154EF50004F1B2 /* Catagory.swift in Sources */ = {isa = PBXBuildFile; fileRef = 2F98CE5A26154EF50004F1B2 /* Catagory.swift */; };
		2F98CE602615508F0004F1B2 /* DocumentPickerViewController.swift in Sources */ = {isa = PBXBuildFile; fileRef = 2F98CE5F2615508F0004F1B2 /* DocumentPickerViewController.swift */; };
		2F98CE612615508F0004F1B2 /* DocumentPickerViewController.swift in Sources */ = {isa = PBXBuildFile; fileRef = 2F98CE5F2615508F0004F1B2 /* DocumentPickerViewController.swift */; };
		2F98CE65261553820004F1B2 /* Tag.swift in Sources */ = {isa = PBXBuildFile; fileRef = 2F98CE64261553820004F1B2 /* Tag.swift */; };
		2F98CE66261553820004F1B2 /* Tag.swift in Sources */ = {isa = PBXBuildFile; fileRef = 2F98CE64261553820004F1B2 /* Tag.swift */; };
		2F98CE6A261559500004F1B2 /* FileImportButton.swift in Sources */ = {isa = PBXBuildFile; fileRef = 2F98CE69261559500004F1B2 /* FileImportButton.swift */; };
		2F98CE6B261559500004F1B2 /* FileImportButton.swift in Sources */ = {isa = PBXBuildFile; fileRef = 2F98CE69261559500004F1B2 /* FileImportButton.swift */; };
		2F98CE71261569330004F1B2 /* Wallet.swift in Sources */ = {isa = PBXBuildFile; fileRef = 2F98CE70261569330004F1B2 /* Wallet.swift */; };
		2F98CE72261569330004F1B2 /* Wallet.swift in Sources */ = {isa = PBXBuildFile; fileRef = 2F98CE70261569330004F1B2 /* Wallet.swift */; };
		2F98CE7626156B620004F1B2 /* SelectorList.swift in Sources */ = {isa = PBXBuildFile; fileRef = 2F98CE7526156B620004F1B2 /* SelectorList.swift */; };
		2F98CE7726156B620004F1B2 /* SelectorList.swift in Sources */ = {isa = PBXBuildFile; fileRef = 2F98CE7526156B620004F1B2 /* SelectorList.swift */; };
		2F98CE7C261589DE0004F1B2 /* CategorySelectionView.swift in Sources */ = {isa = PBXBuildFile; fileRef = 2F98CE7B261589DE0004F1B2 /* CategorySelectionView.swift */; };
		2F98CE7D261589DE0004F1B2 /* CategorySelectionView.swift in Sources */ = {isa = PBXBuildFile; fileRef = 2F98CE7B261589DE0004F1B2 /* CategorySelectionView.swift */; };
		2F98CE81261640270004F1B2 /* PresentLinkView.swift in Sources */ = {isa = PBXBuildFile; fileRef = 2F98CE80261640270004F1B2 /* PresentLinkView.swift */; };
		2F98CE82261640270004F1B2 /* PresentLinkView.swift in Sources */ = {isa = PBXBuildFile; fileRef = 2F98CE80261640270004F1B2 /* PresentLinkView.swift */; };
		2FB5935D25FC012B005A1B93 /* PropertyBuilder.swift in Sources */ = {isa = PBXBuildFile; fileRef = 2FB5935C25FC012B005A1B93 /* PropertyBuilder.swift */; };
		2FB5935E25FC012B005A1B93 /* PropertyBuilder.swift in Sources */ = {isa = PBXBuildFile; fileRef = 2FB5935C25FC012B005A1B93 /* PropertyBuilder.swift */; };
		2FBEBBFA260CEE4E001C4FCD /* ExpenseItemFormView.swift in Sources */ = {isa = PBXBuildFile; fileRef = 2F6B075C25F9A31500A1D516 /* ExpenseItemFormView.swift */; };
		2FBEBBFE260CF9EA001C4FCD /* Date.swift in Sources */ = {isa = PBXBuildFile; fileRef = 2FBEBBFD260CF9EA001C4FCD /* Date.swift */; };
		2FBEBC02260D0DBE001C4FCD /* Array.swift in Sources */ = {isa = PBXBuildFile; fileRef = 2FBEBC01260D0DBE001C4FCD /* Array.swift */; };
		2FBEBC06260D2527001C4FCD /* AnyTransition.swift in Sources */ = {isa = PBXBuildFile; fileRef = 2FBEBC05260D2527001C4FCD /* AnyTransition.swift */; };
		2FBEBC0A260D2ACA001C4FCD /* WeekView+Model.swift in Sources */ = {isa = PBXBuildFile; fileRef = 2FBEBC09260D2ACA001C4FCD /* WeekView+Model.swift */; };
		2FBEBC33260E309D001C4FCD /* Realm in Frameworks */ = {isa = PBXBuildFile; productRef = 2FBEBC32260E309D001C4FCD /* Realm */; };
		2FBEBC35260E309D001C4FCD /* RealmSwift in Frameworks */ = {isa = PBXBuildFile; productRef = 2FBEBC34260E309D001C4FCD /* RealmSwift */; };
		2FE51A1E25FAEB8F004518A0 /* TextColor.swift in Sources */ = {isa = PBXBuildFile; fileRef = 2FE51A1D25FAEB8F004518A0 /* TextColor.swift */; };
		2FE51A1F25FAEB8F004518A0 /* TextColor.swift in Sources */ = {isa = PBXBuildFile; fileRef = 2FE51A1D25FAEB8F004518A0 /* TextColor.swift */; };
		2FE51A2625FBE485004518A0 /* DateFormatter.swift in Sources */ = {isa = PBXBuildFile; fileRef = 2FE51A2525FBE485004518A0 /* DateFormatter.swift */; };
		2FE51A2725FBE485004518A0 /* DateFormatter.swift in Sources */ = {isa = PBXBuildFile; fileRef = 2FE51A2525FBE485004518A0 /* DateFormatter.swift */; };
		2FE51A2D25FBE4AA004518A0 /* Font.swift in Sources */ = {isa = PBXBuildFile; fileRef = 2FE51A2C25FBE4AA004518A0 /* Font.swift */; };
		2FE51A2E25FBE4AA004518A0 /* Font.swift in Sources */ = {isa = PBXBuildFile; fileRef = 2FE51A2C25FBE4AA004518A0 /* Font.swift */; };
		2FE51A3225FBE4C6004518A0 /* NumberFormatter.swift in Sources */ = {isa = PBXBuildFile; fileRef = 2FE51A3125FBE4C6004518A0 /* NumberFormatter.swift */; };
		2FE51A3325FBE4C6004518A0 /* NumberFormatter.swift in Sources */ = {isa = PBXBuildFile; fileRef = 2FE51A3125FBE4C6004518A0 /* NumberFormatter.swift */; };
/* End PBXBuildFile section */

/* Begin PBXFileReference section */
		2F2FB8A22613E44E00CE3E9E /* Service.swift */ = {isa = PBXFileReference; lastKnownFileType = sourcecode.swift; path = Service.swift; sourceTree = "<group>"; };
		2F2FB8A62613E50200CE3E9E /* Entity.swift */ = {isa = PBXFileReference; lastKnownFileType = sourcecode.swift; path = Entity.swift; sourceTree = "<group>"; };
		2F2FB8AF2613F45E00CE3E9E /* Entity+Detach.swift */ = {isa = PBXFileReference; lastKnownFileType = sourcecode.swift; path = "Entity+Detach.swift"; sourceTree = "<group>"; };
		2F6B071025F976D900A1D516 /* GastosApp.swift */ = {isa = PBXFileReference; lastKnownFileType = sourcecode.swift; path = GastosApp.swift; sourceTree = "<group>"; };
		2F6B071125F976D900A1D516 /* TransactionsView.swift */ = {isa = PBXFileReference; lastKnownFileType = sourcecode.swift; path = TransactionsView.swift; sourceTree = "<group>"; };
		2F6B071225F976DA00A1D516 /* Assets.xcassets */ = {isa = PBXFileReference; lastKnownFileType = folder.assetcatalog; path = Assets.xcassets; sourceTree = "<group>"; };
		2F6B071725F976DA00A1D516 /* Gastos.app */ = {isa = PBXFileReference; explicitFileType = wrapper.application; includeInIndex = 0; path = Gastos.app; sourceTree = BUILT_PRODUCTS_DIR; };
		2F6B071A25F976DA00A1D516 /* Info.plist */ = {isa = PBXFileReference; lastKnownFileType = text.plist.xml; path = Info.plist; sourceTree = "<group>"; };
		2F6B071F25F976DA00A1D516 /* Gastos.app */ = {isa = PBXFileReference; explicitFileType = wrapper.application; includeInIndex = 0; path = Gastos.app; sourceTree = BUILT_PRODUCTS_DIR; };
		2F6B072125F976DA00A1D516 /* Info.plist */ = {isa = PBXFileReference; lastKnownFileType = text.plist.xml; path = Info.plist; sourceTree = "<group>"; };
		2F6B072225F976DA00A1D516 /* macOS.entitlements */ = {isa = PBXFileReference; lastKnownFileType = text.plist.entitlements; path = macOS.entitlements; sourceTree = "<group>"; };
		2F6B073425F9791C00A1D516 /* FlexibleView.swift */ = {isa = PBXFileReference; lastKnownFileType = sourcecode.swift; path = FlexibleView.swift; sourceTree = "<group>"; };
		2F6B073825F9793E00A1D516 /* ExpenseItemView.swift */ = {isa = PBXFileReference; fileEncoding = 4; lastKnownFileType = sourcecode.swift; path = ExpenseItemView.swift; sourceTree = "<group>"; };
		2F6B073E25F97AE200A1D516 /* ExpenseItem.swift */ = {isa = PBXFileReference; lastKnownFileType = sourcecode.swift; path = ExpenseItem.swift; sourceTree = "<group>"; };
		2F6B075825F99C8100A1D516 /* Colors.swift */ = {isa = PBXFileReference; lastKnownFileType = sourcecode.swift; path = Colors.swift; sourceTree = "<group>"; };
		2F6B075C25F9A31500A1D516 /* ExpenseItemFormView.swift */ = {isa = PBXFileReference; lastKnownFileType = sourcecode.swift; path = ExpenseItemFormView.swift; sourceTree = "<group>"; };
		2F6B076225FA611C00A1D516 /* KeyboardAdaptive.swift */ = {isa = PBXFileReference; lastKnownFileType = sourcecode.swift; path = KeyboardAdaptive.swift; sourceTree = "<group>"; };
		2F6B076725FA613900A1D516 /* KeyboardHeightPublisher.swift */ = {isa = PBXFileReference; lastKnownFileType = sourcecode.swift; path = KeyboardHeightPublisher.swift; sourceTree = "<group>"; };
		2F6B076C25FA615D00A1D516 /* UIResponder+Current.swift */ = {isa = PBXFileReference; lastKnownFileType = sourcecode.swift; path = "UIResponder+Current.swift"; sourceTree = "<group>"; };
		2F816D29261CF072009FB091 /* CurrencyTextField.swift */ = {isa = PBXFileReference; lastKnownFileType = sourcecode.swift; path = CurrencyTextField.swift; sourceTree = "<group>"; };
		2F915372260185010092033E /* ArrayBuilder.swift */ = {isa = PBXFileReference; lastKnownFileType = sourcecode.swift; path = ArrayBuilder.swift; sourceTree = "<group>"; };
		2F9500D22603A7C400C9ABFC /* Service+Publishers.swift */ = {isa = PBXFileReference; lastKnownFileType = sourcecode.swift; path = "Service+Publishers.swift"; sourceTree = "<group>"; };
		2F9500D62603B04300C9ABFC /* Logger.swift */ = {isa = PBXFileReference; lastKnownFileType = sourcecode.swift; path = Logger.swift; sourceTree = "<group>"; };
		2F9500DF2603E38600C9ABFC /* WeekView.swift */ = {isa = PBXFileReference; lastKnownFileType = sourcecode.swift; path = WeekView.swift; sourceTree = "<group>"; };
		2F9500E32604061500C9ABFC /* View++.swift */ = {isa = PBXFileReference; lastKnownFileType = sourcecode.swift; path = "View++.swift"; sourceTree = "<group>"; };
		2F98CE5A26154EF50004F1B2 /* Catagory.swift */ = {isa = PBXFileReference; lastKnownFileType = sourcecode.swift; path = Catagory.swift; sourceTree = "<group>"; };
		2F98CE5F2615508F0004F1B2 /* DocumentPickerViewController.swift */ = {isa = PBXFileReference; lastKnownFileType = sourcecode.swift; path = DocumentPickerViewController.swift; sourceTree = "<group>"; };
		2F98CE64261553820004F1B2 /* Tag.swift */ = {isa = PBXFileReference; lastKnownFileType = sourcecode.swift; path = Tag.swift; sourceTree = "<group>"; };
		2F98CE69261559500004F1B2 /* FileImportButton.swift */ = {isa = PBXFileReference; lastKnownFileType = sourcecode.swift; path = FileImportButton.swift; sourceTree = "<group>"; };
		2F98CE70261569330004F1B2 /* Wallet.swift */ = {isa = PBXFileReference; lastKnownFileType = sourcecode.swift; path = Wallet.swift; sourceTree = "<group>"; };
		2F98CE7526156B620004F1B2 /* SelectorList.swift */ = {isa = PBXFileReference; lastKnownFileType = sourcecode.swift; path = SelectorList.swift; sourceTree = "<group>"; };
		2F98CE7B261589DE0004F1B2 /* CategorySelectionView.swift */ = {isa = PBXFileReference; lastKnownFileType = sourcecode.swift; path = CategorySelectionView.swift; sourceTree = "<group>"; };
		2F98CE80261640270004F1B2 /* PresentLinkView.swift */ = {isa = PBXFileReference; lastKnownFileType = sourcecode.swift; path = PresentLinkView.swift; sourceTree = "<group>"; };
		2FB5935C25FC012B005A1B93 /* PropertyBuilder.swift */ = {isa = PBXFileReference; lastKnownFileType = sourcecode.swift; path = PropertyBuilder.swift; sourceTree = "<group>"; };
		2FB5936325FC1231005A1B93 /* TabBar.swift */ = {isa = PBXFileReference; lastKnownFileType = sourcecode.swift; path = TabBar.swift; sourceTree = "<group>"; };
		2FBEBBE7260BFD2F001C4FCD /* Gastos.entitlements */ = {isa = PBXFileReference; lastKnownFileType = text.plist.entitlements; path = Gastos.entitlements; sourceTree = "<group>"; };
		2FBEBBFD260CF9EA001C4FCD /* Date.swift */ = {isa = PBXFileReference; lastKnownFileType = sourcecode.swift; path = Date.swift; sourceTree = "<group>"; };
		2FBEBC01260D0DBE001C4FCD /* Array.swift */ = {isa = PBXFileReference; lastKnownFileType = sourcecode.swift; path = Array.swift; sourceTree = "<group>"; };
		2FBEBC05260D2527001C4FCD /* AnyTransition.swift */ = {isa = PBXFileReference; lastKnownFileType = sourcecode.swift; path = AnyTransition.swift; sourceTree = "<group>"; };
		2FBEBC09260D2ACA001C4FCD /* WeekView+Model.swift */ = {isa = PBXFileReference; lastKnownFileType = sourcecode.swift; path = "WeekView+Model.swift"; sourceTree = "<group>"; };
		2FE51A1D25FAEB8F004518A0 /* TextColor.swift */ = {isa = PBXFileReference; lastKnownFileType = sourcecode.swift; path = TextColor.swift; sourceTree = "<group>"; };
		2FE51A2525FBE485004518A0 /* DateFormatter.swift */ = {isa = PBXFileReference; lastKnownFileType = sourcecode.swift; path = DateFormatter.swift; sourceTree = "<group>"; };
		2FE51A2C25FBE4AA004518A0 /* Font.swift */ = {isa = PBXFileReference; lastKnownFileType = sourcecode.swift; path = Font.swift; sourceTree = "<group>"; };
		2FE51A3125FBE4C6004518A0 /* NumberFormatter.swift */ = {isa = PBXFileReference; lastKnownFileType = sourcecode.swift; path = NumberFormatter.swift; sourceTree = "<group>"; };
/* End PBXFileReference section */

/* Begin PBXFrameworksBuildPhase section */
		2F6B071425F976DA00A1D516 /* Frameworks */ = {
			isa = PBXFrameworksBuildPhase;
			buildActionMask = 2147483647;
			files = (
				2FBEBC35260E309D001C4FCD /* RealmSwift in Frameworks */,
				2FBEBC33260E309D001C4FCD /* Realm in Frameworks */,
			);
			runOnlyForDeploymentPostprocessing = 0;
		};
		2F6B071C25F976DA00A1D516 /* Frameworks */ = {
			isa = PBXFrameworksBuildPhase;
			buildActionMask = 2147483647;
			files = (
			);
			runOnlyForDeploymentPostprocessing = 0;
		};
/* End PBXFrameworksBuildPhase section */

/* Begin PBXGroup section */
		2F6B070A25F976D800A1D516 = {
			isa = PBXGroup;
			children = (
				2FBEBC70260F8E89001C4FCD /* Domain */,
				2F6B070F25F976D900A1D516 /* Shared */,
				2F6B071925F976DA00A1D516 /* iOS */,
				2F6B072025F976DA00A1D516 /* macOS */,
				2F6B071825F976DA00A1D516 /* Products */,
			);
			sourceTree = "<group>";
		};
		2F6B070F25F976D900A1D516 /* Shared */ = {
			isa = PBXGroup;
			children = (
				2F6B071225F976DA00A1D516 /* Assets.xcassets */,
				2F98CE7A261589C50004F1B2 /* Categories */,
				2F6B075825F99C8100A1D516 /* Colors.swift */,
				2FE51A2425FBE472004518A0 /* Extensions */,
				2FBEBBE7260BFD2F001C4FCD /* Gastos.entitlements */,
				2F6B071025F976D900A1D516 /* GastosApp.swift */,
				2F91537F2601923D0092033E /* Transactions */,
				2F6B076025FA610800A1D516 /* View Modifiers */,
				2F6B073325F9790A00A1D516 /* Views Components */,
			);
			path = Shared;
			sourceTree = "<group>";
		};
		2F6B071825F976DA00A1D516 /* Products */ = {
			isa = PBXGroup;
			children = (
				2F6B071725F976DA00A1D516 /* Gastos.app */,
				2F6B071F25F976DA00A1D516 /* Gastos.app */,
			);
			name = Products;
			sourceTree = "<group>";
		};
		2F6B071925F976DA00A1D516 /* iOS */ = {
			isa = PBXGroup;
			children = (
				2F6B071A25F976DA00A1D516 /* Info.plist */,
			);
			path = iOS;
			sourceTree = "<group>";
		};
		2F6B072025F976DA00A1D516 /* macOS */ = {
			isa = PBXGroup;
			children = (
				2F6B072125F976DA00A1D516 /* Info.plist */,
				2F6B072225F976DA00A1D516 /* macOS.entitlements */,
			);
			path = macOS;
			sourceTree = "<group>";
		};
		2F6B073325F9790A00A1D516 /* Views Components */ = {
			isa = PBXGroup;
			children = (
				2F6B073425F9791C00A1D516 /* FlexibleView.swift */,
				2FB5936325FC1231005A1B93 /* TabBar.swift */,
				2F9500DF2603E38600C9ABFC /* WeekView.swift */,
				2FBEBC09260D2ACA001C4FCD /* WeekView+Model.swift */,
				2F98CE5F2615508F0004F1B2 /* DocumentPickerViewController.swift */,
				2F98CE69261559500004F1B2 /* FileImportButton.swift */,
				2F98CE7526156B620004F1B2 /* SelectorList.swift */,
				2F98CE80261640270004F1B2 /* PresentLinkView.swift */,
				2F816D29261CF072009FB091 /* CurrencyTextField.swift */,
			);
			path = "Views Components";
			sourceTree = "<group>";
		};
		2F6B073D25F97ACE00A1D516 /* Model */ = {
			isa = PBXGroup;
			children = (
				2F98CE5A26154EF50004F1B2 /* Catagory.swift */,
				2F2FB8A62613E50200CE3E9E /* Entity.swift */,
				2F2FB8AF2613F45E00CE3E9E /* Entity+Detach.swift */,
				2F6B073E25F97AE200A1D516 /* ExpenseItem.swift */,
				2F98CE64261553820004F1B2 /* Tag.swift */,
				2F98CE70261569330004F1B2 /* Wallet.swift */,
			);
			path = Model;
			sourceTree = "<group>";
		};
		2F6B076025FA610800A1D516 /* View Modifiers */ = {
			isa = PBXGroup;
			children = (
				2F6B076225FA611C00A1D516 /* KeyboardAdaptive.swift */,
				2F6B076725FA613900A1D516 /* KeyboardHeightPublisher.swift */,
				2F6B076C25FA615D00A1D516 /* UIResponder+Current.swift */,
				2FE51A1D25FAEB8F004518A0 /* TextColor.swift */,
			);
			path = "View Modifiers";
			sourceTree = "<group>";
		};
		2F91537F2601923D0092033E /* Transactions */ = {
			isa = PBXGroup;
			children = (
				2F6B073825F9793E00A1D516 /* ExpenseItemView.swift */,
				2F6B075C25F9A31500A1D516 /* ExpenseItemFormView.swift */,
				2F6B071125F976D900A1D516 /* TransactionsView.swift */,
			);
			path = Transactions;
			sourceTree = "<group>";
		};
		2F9500D12603A7A600C9ABFC /* Services */ = {
			isa = PBXGroup;
			children = (
				2F9500D22603A7C400C9ABFC /* Service+Publishers.swift */,
				2F2FB8A22613E44E00CE3E9E /* Service.swift */,
			);
			path = Services;
			sourceTree = "<group>";
		};
		2F98CE7A261589C50004F1B2 /* Categories */ = {
			isa = PBXGroup;
			children = (
				2F98CE7B261589DE0004F1B2 /* CategorySelectionView.swift */,
			);
			path = Categories;
			sourceTree = "<group>";
		};
		2FBEBC70260F8E89001C4FCD /* Domain */ = {
			isa = PBXGroup;
			children = (
				2F9500D12603A7A600C9ABFC /* Services */,
				2F6B073D25F97ACE00A1D516 /* Model */,
			);
			path = Domain;
			sourceTree = "<group>";
		};
		2FE51A2425FBE472004518A0 /* Extensions */ = {
			isa = PBXGroup;
			children = (
				2FE51A2525FBE485004518A0 /* DateFormatter.swift */,
				2FE51A2C25FBE4AA004518A0 /* Font.swift */,
				2FE51A3125FBE4C6004518A0 /* NumberFormatter.swift */,
				2FB5935C25FC012B005A1B93 /* PropertyBuilder.swift */,
				2F915372260185010092033E /* ArrayBuilder.swift */,
				2F9500D62603B04300C9ABFC /* Logger.swift */,
				2F9500E32604061500C9ABFC /* View++.swift */,
				2FBEBBFD260CF9EA001C4FCD /* Date.swift */,
				2FBEBC01260D0DBE001C4FCD /* Array.swift */,
				2FBEBC05260D2527001C4FCD /* AnyTransition.swift */,
			);
			path = Extensions;
			sourceTree = "<group>";
		};
/* End PBXGroup section */

/* Begin PBXNativeTarget section */
		2F6B071625F976DA00A1D516 /* Gastos (iOS) */ = {
			isa = PBXNativeTarget;
			buildConfigurationList = 2F6B072B25F976DA00A1D516 /* Build configuration list for PBXNativeTarget "Gastos (iOS)" */;
			buildPhases = (
				2F6B071325F976DA00A1D516 /* Sources */,
				2F6B071425F976DA00A1D516 /* Frameworks */,
				2F6B071525F976DA00A1D516 /* Resources */,
			);
			buildRules = (
			);
			dependencies = (
			);
			name = "Gastos (iOS)";
			packageProductDependencies = (
				2FBEBC32260E309D001C4FCD /* Realm */,
				2FBEBC34260E309D001C4FCD /* RealmSwift */,
			);
			productName = "Gastos (iOS)";
			productReference = 2F6B071725F976DA00A1D516 /* Gastos.app */;
			productType = "com.apple.product-type.application";
		};
		2F6B071E25F976DA00A1D516 /* Gastos (macOS) */ = {
			isa = PBXNativeTarget;
			buildConfigurationList = 2F6B072E25F976DA00A1D516 /* Build configuration list for PBXNativeTarget "Gastos (macOS)" */;
			buildPhases = (
				2F6B071B25F976DA00A1D516 /* Sources */,
				2F6B071C25F976DA00A1D516 /* Frameworks */,
				2F6B071D25F976DA00A1D516 /* Resources */,
			);
			buildRules = (
			);
			dependencies = (
			);
			name = "Gastos (macOS)";
			productName = "Gastos (macOS)";
			productReference = 2F6B071F25F976DA00A1D516 /* Gastos.app */;
			productType = "com.apple.product-type.application";
		};
/* End PBXNativeTarget section */

/* Begin PBXProject section */
		2F6B070B25F976D800A1D516 /* Project object */ = {
			isa = PBXProject;
			attributes = {
				LastSwiftUpdateCheck = 1240;
				LastUpgradeCheck = 1240;
				TargetAttributes = {
					2F6B071625F976DA00A1D516 = {
						CreatedOnToolsVersion = 12.4;
					};
					2F6B071E25F976DA00A1D516 = {
						CreatedOnToolsVersion = 12.4;
					};
				};
			};
			buildConfigurationList = 2F6B070E25F976D800A1D516 /* Build configuration list for PBXProject "Gastos" */;
			compatibilityVersion = "Xcode 9.3";
			developmentRegion = en;
			hasScannedForEncodings = 0;
			knownRegions = (
				en,
				Base,
			);
			mainGroup = 2F6B070A25F976D800A1D516;
			packageReferences = (
				2FBEBC31260E309D001C4FCD /* XCRemoteSwiftPackageReference "realm-cocoa" */,
			);
			productRefGroup = 2F6B071825F976DA00A1D516 /* Products */;
			projectDirPath = "";
			projectRoot = "";
			targets = (
				2F6B071625F976DA00A1D516 /* Gastos (iOS) */,
				2F6B071E25F976DA00A1D516 /* Gastos (macOS) */,
			);
		};
/* End PBXProject section */

/* Begin PBXResourcesBuildPhase section */
		2F6B071525F976DA00A1D516 /* Resources */ = {
			isa = PBXResourcesBuildPhase;
			buildActionMask = 2147483647;
			files = (
				2F6B072725F976DA00A1D516 /* Assets.xcassets in Resources */,
			);
			runOnlyForDeploymentPostprocessing = 0;
		};
		2F6B071D25F976DA00A1D516 /* Resources */ = {
			isa = PBXResourcesBuildPhase;
			buildActionMask = 2147483647;
			files = (
				2F6B072825F976DA00A1D516 /* Assets.xcassets in Resources */,
			);
			runOnlyForDeploymentPostprocessing = 0;
		};
/* End PBXResourcesBuildPhase section */

/* Begin PBXSourcesBuildPhase section */
		2F6B071325F976DA00A1D516 /* Sources */ = {
			isa = PBXSourcesBuildPhase;
			buildActionMask = 2147483647;
			files = (
				2F9500D72603B04300C9ABFC /* Logger.swift in Sources */,
				2F2FB8A32613E44E00CE3E9E /* Service.swift in Sources */,
				2F915373260185010092033E /* ArrayBuilder.swift in Sources */,
				2F98CE71261569330004F1B2 /* Wallet.swift in Sources */,
				2FE51A2625FBE485004518A0 /* DateFormatter.swift in Sources */,
				2F6B076D25FA615D00A1D516 /* UIResponder+Current.swift in Sources */,
				2F98CE602615508F0004F1B2 /* DocumentPickerViewController.swift in Sources */,
				2F98CE6A261559500004F1B2 /* FileImportButton.swift in Sources */,
				2F6B072525F976DA00A1D516 /* TransactionsView.swift in Sources */,
				2FE51A1E25FAEB8F004518A0 /* TextColor.swift in Sources */,
				2F2FB8B02613F45E00CE3E9E /* Entity+Detach.swift in Sources */,
				2F98CE5B26154EF50004F1B2 /* Catagory.swift in Sources */,
				2FBEBC02260D0DBE001C4FCD /* Array.swift in Sources */,
				2F9500E42604061500C9ABFC /* View++.swift in Sources */,
				2F6B073525F9791C00A1D516 /* FlexibleView.swift in Sources */,
				2FE51A3225FBE4C6004518A0 /* NumberFormatter.swift in Sources */,
				2F91537C26018FED0092033E /* TabBar.swift in Sources */,
				2F6B076825FA613900A1D516 /* KeyboardHeightPublisher.swift in Sources */,
				2F98CE7C261589DE0004F1B2 /* CategorySelectionView.swift in Sources */,
				2FB5935D25FC012B005A1B93 /* PropertyBuilder.swift in Sources */,
				2F6B076325FA611C00A1D516 /* KeyboardAdaptive.swift in Sources */,
				2FE51A2D25FBE4AA004518A0 /* Font.swift in Sources */,
				2F2FB8A72613E50200CE3E9E /* Entity.swift in Sources */,
				2F6B075D25F9A31500A1D516 /* ExpenseItemFormView.swift in Sources */,
				2F6B073F25F97AE200A1D516 /* ExpenseItem.swift in Sources */,
				2FBEBC0A260D2ACA001C4FCD /* WeekView+Model.swift in Sources */,
				2FBEBC06260D2527001C4FCD /* AnyTransition.swift in Sources */,
				2F98CE65261553820004F1B2 /* Tag.swift in Sources */,
				2F6B075925F99C8100A1D516 /* Colors.swift in Sources */,
				2F9500E02603E38600C9ABFC /* WeekView.swift in Sources */,
				2F816D2A261CF072009FB091 /* CurrencyTextField.swift in Sources */,
				2F98CE7626156B620004F1B2 /* SelectorList.swift in Sources */,
				2F6B073925F9793E00A1D516 /* ExpenseItemView.swift in Sources */,
				2FBEBBFE260CF9EA001C4FCD /* Date.swift in Sources */,
				2F9500D32603A7C400C9ABFC /* Service+Publishers.swift in Sources */,
				2F98CE81261640270004F1B2 /* PresentLinkView.swift in Sources */,
				2F6B072325F976DA00A1D516 /* GastosApp.swift in Sources */,
			);
			runOnlyForDeploymentPostprocessing = 0;
		};
		2F6B071B25F976DA00A1D516 /* Sources */ = {
			isa = PBXSourcesBuildPhase;
			buildActionMask = 2147483647;
			files = (
				2F6B076E25FA615D00A1D516 /* UIResponder+Current.swift in Sources */,
				2FE51A3325FBE4C6004518A0 /* NumberFormatter.swift in Sources */,
				2FE51A2E25FBE4AA004518A0 /* Font.swift in Sources */,
				2F98CE66261553820004F1B2 /* Tag.swift in Sources */,
				2F6B076925FA613900A1D516 /* KeyboardHeightPublisher.swift in Sources */,
				2FBEBBFA260CEE4E001C4FCD /* ExpenseItemFormView.swift in Sources */,
				2F98CE612615508F0004F1B2 /* DocumentPickerViewController.swift in Sources */,
				2FE51A1F25FAEB8F004518A0 /* TextColor.swift in Sources */,
				2F98CE7D261589DE0004F1B2 /* CategorySelectionView.swift in Sources */,
				2F98CE6B261559500004F1B2 /* FileImportButton.swift in Sources */,
				2F6B075225F980D700A1D516 /* FlexibleView.swift in Sources */,
				2F2FB8AA2613E50700CE3E9E /* Entity.swift in Sources */,
				2FE51A2725FBE485004518A0 /* DateFormatter.swift in Sources */,
				2FB5935E25FC012B005A1B93 /* PropertyBuilder.swift in Sources */,
				2F6B075525F980DA00A1D516 /* ExpenseItem.swift in Sources */,
				2F816D2B261CF072009FB091 /* CurrencyTextField.swift in Sources */,
				2F98CE72261569330004F1B2 /* Wallet.swift in Sources */,
				2F9500C92602AE2800C9ABFC /* Colors.swift in Sources */,
				2F91537B26018FED0092033E /* TabBar.swift in Sources */,
				2F6B072625F976DA00A1D516 /* TransactionsView.swift in Sources */,
				2F6B076425FA611C00A1D516 /* KeyboardAdaptive.swift in Sources */,
				2F98CE82261640270004F1B2 /* PresentLinkView.swift in Sources */,
				2F6B072425F976DA00A1D516 /* GastosApp.swift in Sources */,
				2F915374260185010092033E /* ArrayBuilder.swift in Sources */,
				2F98CE5C26154EF50004F1B2 /* Catagory.swift in Sources */,
				2F6B074F25F980D400A1D516 /* ExpenseItemView.swift in Sources */,
				2F98CE7726156B620004F1B2 /* SelectorList.swift in Sources */,
			);
			runOnlyForDeploymentPostprocessing = 0;
		};
/* End PBXSourcesBuildPhase section */

/* Begin XCBuildConfiguration section */
		2F6B072925F976DA00A1D516 /* Debug */ = {
			isa = XCBuildConfiguration;
			buildSettings = {
				ALWAYS_SEARCH_USER_PATHS = NO;
				CLANG_ANALYZER_NONNULL = YES;
				CLANG_ANALYZER_NUMBER_OBJECT_CONVERSION = YES_AGGRESSIVE;
				CLANG_CXX_LANGUAGE_STANDARD = "gnu++14";
				CLANG_CXX_LIBRARY = "libc++";
				CLANG_ENABLE_MODULES = YES;
				CLANG_ENABLE_OBJC_ARC = YES;
				CLANG_ENABLE_OBJC_WEAK = YES;
				CLANG_WARN_BLOCK_CAPTURE_AUTORELEASING = YES;
				CLANG_WARN_BOOL_CONVERSION = YES;
				CLANG_WARN_COMMA = YES;
				CLANG_WARN_CONSTANT_CONVERSION = YES;
				CLANG_WARN_DEPRECATED_OBJC_IMPLEMENTATIONS = YES;
				CLANG_WARN_DIRECT_OBJC_ISA_USAGE = YES_ERROR;
				CLANG_WARN_DOCUMENTATION_COMMENTS = YES;
				CLANG_WARN_EMPTY_BODY = YES;
				CLANG_WARN_ENUM_CONVERSION = YES;
				CLANG_WARN_INFINITE_RECURSION = YES;
				CLANG_WARN_INT_CONVERSION = YES;
				CLANG_WARN_NON_LITERAL_NULL_CONVERSION = YES;
				CLANG_WARN_OBJC_IMPLICIT_RETAIN_SELF = YES;
				CLANG_WARN_OBJC_LITERAL_CONVERSION = YES;
				CLANG_WARN_OBJC_ROOT_CLASS = YES_ERROR;
				CLANG_WARN_QUOTED_INCLUDE_IN_FRAMEWORK_HEADER = YES;
				CLANG_WARN_RANGE_LOOP_ANALYSIS = YES;
				CLANG_WARN_STRICT_PROTOTYPES = YES;
				CLANG_WARN_SUSPICIOUS_MOVE = YES;
				CLANG_WARN_UNGUARDED_AVAILABILITY = YES_AGGRESSIVE;
				CLANG_WARN_UNREACHABLE_CODE = YES;
				CLANG_WARN__DUPLICATE_METHOD_MATCH = YES;
				COPY_PHASE_STRIP = NO;
				DEBUG_INFORMATION_FORMAT = dwarf;
				ENABLE_STRICT_OBJC_MSGSEND = YES;
				ENABLE_TESTABILITY = YES;
				GCC_C_LANGUAGE_STANDARD = gnu11;
				GCC_DYNAMIC_NO_PIC = NO;
				GCC_NO_COMMON_BLOCKS = YES;
				GCC_OPTIMIZATION_LEVEL = 0;
				GCC_PREPROCESSOR_DEFINITIONS = (
					"DEBUG=1",
					"$(inherited)",
				);
				GCC_WARN_64_TO_32_BIT_CONVERSION = YES;
				GCC_WARN_ABOUT_RETURN_TYPE = YES_ERROR;
				GCC_WARN_UNDECLARED_SELECTOR = YES;
				GCC_WARN_UNINITIALIZED_AUTOS = YES_AGGRESSIVE;
				GCC_WARN_UNUSED_FUNCTION = YES;
				GCC_WARN_UNUSED_VARIABLE = YES;
				MTL_ENABLE_DEBUG_INFO = INCLUDE_SOURCE;
				MTL_FAST_MATH = YES;
				ONLY_ACTIVE_ARCH = YES;
				SWIFT_ACTIVE_COMPILATION_CONDITIONS = DEBUG;
				SWIFT_OPTIMIZATION_LEVEL = "-Onone";
			};
			name = Debug;
		};
		2F6B072A25F976DA00A1D516 /* Release */ = {
			isa = XCBuildConfiguration;
			buildSettings = {
				ALWAYS_SEARCH_USER_PATHS = NO;
				CLANG_ANALYZER_NONNULL = YES;
				CLANG_ANALYZER_NUMBER_OBJECT_CONVERSION = YES_AGGRESSIVE;
				CLANG_CXX_LANGUAGE_STANDARD = "gnu++14";
				CLANG_CXX_LIBRARY = "libc++";
				CLANG_ENABLE_MODULES = YES;
				CLANG_ENABLE_OBJC_ARC = YES;
				CLANG_ENABLE_OBJC_WEAK = YES;
				CLANG_WARN_BLOCK_CAPTURE_AUTORELEASING = YES;
				CLANG_WARN_BOOL_CONVERSION = YES;
				CLANG_WARN_COMMA = YES;
				CLANG_WARN_CONSTANT_CONVERSION = YES;
				CLANG_WARN_DEPRECATED_OBJC_IMPLEMENTATIONS = YES;
				CLANG_WARN_DIRECT_OBJC_ISA_USAGE = YES_ERROR;
				CLANG_WARN_DOCUMENTATION_COMMENTS = YES;
				CLANG_WARN_EMPTY_BODY = YES;
				CLANG_WARN_ENUM_CONVERSION = YES;
				CLANG_WARN_INFINITE_RECURSION = YES;
				CLANG_WARN_INT_CONVERSION = YES;
				CLANG_WARN_NON_LITERAL_NULL_CONVERSION = YES;
				CLANG_WARN_OBJC_IMPLICIT_RETAIN_SELF = YES;
				CLANG_WARN_OBJC_LITERAL_CONVERSION = YES;
				CLANG_WARN_OBJC_ROOT_CLASS = YES_ERROR;
				CLANG_WARN_QUOTED_INCLUDE_IN_FRAMEWORK_HEADER = YES;
				CLANG_WARN_RANGE_LOOP_ANALYSIS = YES;
				CLANG_WARN_STRICT_PROTOTYPES = YES;
				CLANG_WARN_SUSPICIOUS_MOVE = YES;
				CLANG_WARN_UNGUARDED_AVAILABILITY = YES_AGGRESSIVE;
				CLANG_WARN_UNREACHABLE_CODE = YES;
				CLANG_WARN__DUPLICATE_METHOD_MATCH = YES;
				COPY_PHASE_STRIP = NO;
				DEBUG_INFORMATION_FORMAT = "dwarf-with-dsym";
				ENABLE_NS_ASSERTIONS = NO;
				ENABLE_STRICT_OBJC_MSGSEND = YES;
				GCC_C_LANGUAGE_STANDARD = gnu11;
				GCC_NO_COMMON_BLOCKS = YES;
				GCC_WARN_64_TO_32_BIT_CONVERSION = YES;
				GCC_WARN_ABOUT_RETURN_TYPE = YES_ERROR;
				GCC_WARN_UNDECLARED_SELECTOR = YES;
				GCC_WARN_UNINITIALIZED_AUTOS = YES_AGGRESSIVE;
				GCC_WARN_UNUSED_FUNCTION = YES;
				GCC_WARN_UNUSED_VARIABLE = YES;
				MTL_ENABLE_DEBUG_INFO = NO;
				MTL_FAST_MATH = YES;
				SWIFT_COMPILATION_MODE = wholemodule;
				SWIFT_OPTIMIZATION_LEVEL = "-O";
			};
			name = Release;
		};
		2F6B072C25F976DA00A1D516 /* Debug */ = {
			isa = XCBuildConfiguration;
			buildSettings = {
				ASSETCATALOG_COMPILER_APPICON_NAME = AppIcon;
				ASSETCATALOG_COMPILER_GLOBAL_ACCENT_COLOR_NAME = AccentColor;
				CODE_SIGN_ENTITLEMENTS = Gastos.entitlements;
				CODE_SIGN_STYLE = Automatic;
				DEVELOPMENT_TEAM = 5NWXU54BBD;
				ENABLE_PREVIEWS = YES;
				INFOPLIST_FILE = iOS/Info.plist;
				IPHONEOS_DEPLOYMENT_TARGET = 14.0;
				LD_RUNPATH_SEARCH_PATHS = (
					"$(inherited)",
					"@executable_path/Frameworks",
				);
				PRODUCT_BUNDLE_IDENTIFIER = com.mayorgafirm.Gastos;
				PRODUCT_NAME = Gastos;
				SDKROOT = iphoneos;
				SUPPORTS_MACCATALYST = NO;
				SWIFT_VERSION = 5.0;
				TARGETED_DEVICE_FAMILY = "1,2";
			};
			name = Debug;
		};
		2F6B072D25F976DA00A1D516 /* Release */ = {
			isa = XCBuildConfiguration;
			buildSettings = {
				ASSETCATALOG_COMPILER_APPICON_NAME = AppIcon;
				ASSETCATALOG_COMPILER_GLOBAL_ACCENT_COLOR_NAME = AccentColor;
				CODE_SIGN_ENTITLEMENTS = Gastos.entitlements;
				CODE_SIGN_STYLE = Automatic;
				DEVELOPMENT_TEAM = 5NWXU54BBD;
				ENABLE_PREVIEWS = YES;
				INFOPLIST_FILE = iOS/Info.plist;
				IPHONEOS_DEPLOYMENT_TARGET = 14.0;
				LD_RUNPATH_SEARCH_PATHS = (
					"$(inherited)",
					"@executable_path/Frameworks",
				);
				PRODUCT_BUNDLE_IDENTIFIER = com.mayorgafirm.Gastos;
				PRODUCT_NAME = Gastos;
				SDKROOT = iphoneos;
				SUPPORTS_MACCATALYST = NO;
				SWIFT_VERSION = 5.0;
				TARGETED_DEVICE_FAMILY = "1,2";
				VALIDATE_PRODUCT = YES;
			};
			name = Release;
		};
		2F6B072F25F976DA00A1D516 /* Debug */ = {
			isa = XCBuildConfiguration;
			buildSettings = {
				ASSETCATALOG_COMPILER_APPICON_NAME = AppIcon;
				ASSETCATALOG_COMPILER_GLOBAL_ACCENT_COLOR_NAME = AccentColor;
				CODE_SIGN_ENTITLEMENTS = macOS/macOS.entitlements;
				CODE_SIGN_STYLE = Automatic;
				COMBINE_HIDPI_IMAGES = YES;
				DEVELOPMENT_TEAM = 5NWXU54BBD;
				ENABLE_HARDENED_RUNTIME = YES;
				ENABLE_PREVIEWS = YES;
				INFOPLIST_FILE = macOS/Info.plist;
				LD_RUNPATH_SEARCH_PATHS = (
					"$(inherited)",
					"@executable_path/../Frameworks",
				);
				MACOSX_DEPLOYMENT_TARGET = 11.0;
				PRODUCT_BUNDLE_IDENTIFIER = com.mayorgafirm.Gastos;
				PRODUCT_NAME = Gastos;
				SDKROOT = macosx;
				SWIFT_VERSION = 5.0;
			};
			name = Debug;
		};
		2F6B073025F976DA00A1D516 /* Release */ = {
			isa = XCBuildConfiguration;
			buildSettings = {
				ASSETCATALOG_COMPILER_APPICON_NAME = AppIcon;
				ASSETCATALOG_COMPILER_GLOBAL_ACCENT_COLOR_NAME = AccentColor;
				CODE_SIGN_ENTITLEMENTS = macOS/macOS.entitlements;
				CODE_SIGN_STYLE = Automatic;
				COMBINE_HIDPI_IMAGES = YES;
				DEVELOPMENT_TEAM = 5NWXU54BBD;
				ENABLE_HARDENED_RUNTIME = YES;
				ENABLE_PREVIEWS = YES;
				INFOPLIST_FILE = macOS/Info.plist;
				LD_RUNPATH_SEARCH_PATHS = (
					"$(inherited)",
					"@executable_path/../Frameworks",
				);
				MACOSX_DEPLOYMENT_TARGET = 11.0;
				PRODUCT_BUNDLE_IDENTIFIER = com.mayorgafirm.Gastos;
				PRODUCT_NAME = Gastos;
				SDKROOT = macosx;
				SWIFT_VERSION = 5.0;
			};
			name = Release;
		};
/* End XCBuildConfiguration section */

/* Begin XCConfigurationList section */
		2F6B070E25F976D800A1D516 /* Build configuration list for PBXProject "Gastos" */ = {
			isa = XCConfigurationList;
			buildConfigurations = (
				2F6B072925F976DA00A1D516 /* Debug */,
				2F6B072A25F976DA00A1D516 /* Release */,
			);
			defaultConfigurationIsVisible = 0;
			defaultConfigurationName = Release;
		};
		2F6B072B25F976DA00A1D516 /* Build configuration list for PBXNativeTarget "Gastos (iOS)" */ = {
			isa = XCConfigurationList;
			buildConfigurations = (
				2F6B072C25F976DA00A1D516 /* Debug */,
				2F6B072D25F976DA00A1D516 /* Release */,
			);
			defaultConfigurationIsVisible = 0;
			defaultConfigurationName = Release;
		};
		2F6B072E25F976DA00A1D516 /* Build configuration list for PBXNativeTarget "Gastos (macOS)" */ = {
			isa = XCConfigurationList;
			buildConfigurations = (
				2F6B072F25F976DA00A1D516 /* Debug */,
				2F6B073025F976DA00A1D516 /* Release */,
			);
			defaultConfigurationIsVisible = 0;
			defaultConfigurationName = Release;
		};
/* End XCConfigurationList section */

/* Begin XCRemoteSwiftPackageReference section */
		2FBEBC31260E309D001C4FCD /* XCRemoteSwiftPackageReference "realm-cocoa" */ = {
			isa = XCRemoteSwiftPackageReference;
			repositoryURL = "https://github.com/realm/realm-cocoa.git";
			requirement = {
				kind = exactVersion;
				version = 3.17.3;
			};
		};
/* End XCRemoteSwiftPackageReference section */

/* Begin XCSwiftPackageProductDependency section */
		2FBEBC32260E309D001C4FCD /* Realm */ = {
			isa = XCSwiftPackageProductDependency;
			package = 2FBEBC31260E309D001C4FCD /* XCRemoteSwiftPackageReference "realm-cocoa" */;
			productName = Realm;
		};
		2FBEBC34260E309D001C4FCD /* RealmSwift */ = {
			isa = XCSwiftPackageProductDependency;
			package = 2FBEBC31260E309D001C4FCD /* XCRemoteSwiftPackageReference "realm-cocoa" */;
			productName = RealmSwift;
		};
/* End XCSwiftPackageProductDependency section */
	};
	rootObject = 2F6B070B25F976D800A1D516 /* Project object */;
}
